// !$*UTF8*$!
{
	archiveVersion = 1;
	classes = {
	};
	objectVersion = 46;
	objects = {

/* Begin PBXBuildFile section */
		882818C2185F4C0E0081D962 /* Images.xcassets in Resources */ = {isa = PBXBuildFile; fileRef = 882818C1185F4C0E0081D962 /* Images.xcassets */; };
		882AC7911637F38000E8A221 /* UIKit.framework in Frameworks */ = {isa = PBXBuildFile; fileRef = 882AC7901637F38000E8A221 /* UIKit.framework */; };
		882AC7931637F38000E8A221 /* Foundation.framework in Frameworks */ = {isa = PBXBuildFile; fileRef = 882AC7921637F38000E8A221 /* Foundation.framework */; };
		882AC7951637F38000E8A221 /* CoreGraphics.framework in Frameworks */ = {isa = PBXBuildFile; fileRef = 882AC7941637F38000E8A221 /* CoreGraphics.framework */; };
		882AC79B1637F38000E8A221 /* InfoPlist.strings in Resources */ = {isa = PBXBuildFile; fileRef = 882AC7991637F38000E8A221 /* InfoPlist.strings */; };
		882AC79D1637F38000E8A221 /* main.m in Sources */ = {isa = PBXBuildFile; fileRef = 882AC79C1637F38000E8A221 /* main.m */; };
		882AC7A11637F38000E8A221 /* A3AppDelegate.m in Sources */ = {isa = PBXBuildFile; fileRef = 882AC7A01637F38000E8A221 /* A3AppDelegate.m */; };
		882AC7AA1637F38000E8A221 /* A3ViewController.m in Sources */ = {isa = PBXBuildFile; fileRef = 882AC7A91637F38000E8A221 /* A3ViewController.m */; };
		882AC7AD1637F38000E8A221 /* A3ViewController.xib in Resources */ = {isa = PBXBuildFile; fileRef = 882AC7AB1637F38000E8A221 /* A3ViewController.xib */; };
		885BA82D163986CB007BCB8B /* QuartzCore.framework in Frameworks */ = {isa = PBXBuildFile; fileRef = 885BA82C163986CB007BCB8B /* QuartzCore.framework */; };
		885BA82E163987B2007BCB8B /* UIImage+Color.m in Sources */ = {isa = PBXBuildFile; fileRef = 885BA82B16398573007BCB8B /* UIImage+Color.m */; };
		889D574E166A94C100F7D5E5 /* A3ParallaxScrollView.m in Sources */ = {isa = PBXBuildFile; fileRef = 889D574D166A94C100F7D5E5 /* A3ParallaxScrollView.m */; };
/* End PBXBuildFile section */

/* Begin PBXFileReference section */
		882818C1185F4C0E0081D962 /* Images.xcassets */ = {isa = PBXFileReference; lastKnownFileType = folder.assetcatalog; name = Images.xcassets; path = A3ParallaxScrollViewSample/Images.xcassets; sourceTree = SOURCE_ROOT; };
		882AC78C1637F38000E8A221 /* A3ParallaxScrollViewSample.app */ = {isa = PBXFileReference; explicitFileType = wrapper.application; includeInIndex = 0; path = A3ParallaxScrollViewSample.app; sourceTree = BUILT_PRODUCTS_DIR; };
		882AC7901637F38000E8A221 /* UIKit.framework */ = {isa = PBXFileReference; lastKnownFileType = wrapper.framework; name = UIKit.framework; path = System/Library/Frameworks/UIKit.framework; sourceTree = SDKROOT; };
		882AC7921637F38000E8A221 /* Foundation.framework */ = {isa = PBXFileReference; lastKnownFileType = wrapper.framework; name = Foundation.framework; path = System/Library/Frameworks/Foundation.framework; sourceTree = SDKROOT; };
		882AC7941637F38000E8A221 /* CoreGraphics.framework */ = {isa = PBXFileReference; lastKnownFileType = wrapper.framework; name = CoreGraphics.framework; path = System/Library/Frameworks/CoreGraphics.framework; sourceTree = SDKROOT; };
		882AC7981637F38000E8A221 /* A3ParallaxScrollViewSample-Info.plist */ = {isa = PBXFileReference; lastKnownFileType = text.plist.xml; path = "A3ParallaxScrollViewSample-Info.plist"; sourceTree = "<group>"; };
		882AC79A1637F38000E8A221 /* en */ = {isa = PBXFileReference; lastKnownFileType = text.plist.strings; name = en; path = en.lproj/InfoPlist.strings; sourceTree = "<group>"; };
		882AC79C1637F38000E8A221 /* main.m */ = {isa = PBXFileReference; lastKnownFileType = sourcecode.c.objc; path = main.m; sourceTree = "<group>"; };
		882AC79E1637F38000E8A221 /* A3ParallaxScrollViewSample-Prefix.pch */ = {isa = PBXFileReference; lastKnownFileType = sourcecode.c.h; path = "A3ParallaxScrollViewSample-Prefix.pch"; sourceTree = "<group>"; };
		882AC79F1637F38000E8A221 /* A3AppDelegate.h */ = {isa = PBXFileReference; lastKnownFileType = sourcecode.c.h; path = A3AppDelegate.h; sourceTree = "<group>"; };
		882AC7A01637F38000E8A221 /* A3AppDelegate.m */ = {isa = PBXFileReference; lastKnownFileType = sourcecode.c.objc; path = A3AppDelegate.m; sourceTree = "<group>"; };
		882AC7A81637F38000E8A221 /* A3ViewController.h */ = {isa = PBXFileReference; lastKnownFileType = sourcecode.c.h; path = A3ViewController.h; sourceTree = "<group>"; };
		882AC7A91637F38000E8A221 /* A3ViewController.m */ = {isa = PBXFileReference; lastKnownFileType = sourcecode.c.objc; path = A3ViewController.m; sourceTree = "<group>"; };
		882AC7AC1637F38000E8A221 /* en */ = {isa = PBXFileReference; lastKnownFileType = file.xib; name = en; path = en.lproj/A3ViewController.xib; sourceTree = "<group>"; };
		885BA82A16398573007BCB8B /* UIImage+Color.h */ = {isa = PBXFileReference; lastKnownFileType = sourcecode.c.h; path = "UIImage+Color.h"; sourceTree = "<group>"; };
		885BA82B16398573007BCB8B /* UIImage+Color.m */ = {isa = PBXFileReference; lastKnownFileType = sourcecode.c.objc; path = "UIImage+Color.m"; sourceTree = "<group>"; };
		885BA82C163986CB007BCB8B /* QuartzCore.framework */ = {isa = PBXFileReference; lastKnownFileType = wrapper.framework; name = QuartzCore.framework; path = System/Library/Frameworks/QuartzCore.framework; sourceTree = SDKROOT; };
		889D574C166A94C100F7D5E5 /* A3ParallaxScrollView.h */ = {isa = PBXFileReference; fileEncoding = 4; lastKnownFileType = sourcecode.c.h; path = A3ParallaxScrollView.h; sourceTree = "<group>"; };
		889D574D166A94C100F7D5E5 /* A3ParallaxScrollView.m */ = {isa = PBXFileReference; fileEncoding = 4; lastKnownFileType = sourcecode.c.objc; path = A3ParallaxScrollView.m; sourceTree = "<group>"; };
/* End PBXFileReference section */

/* Begin PBXFrameworksBuildPhase section */
		882AC7891637F38000E8A221 /* Frameworks */ = {
			isa = PBXFrameworksBuildPhase;
			buildActionMask = 2147483647;
			files = (
				885BA82D163986CB007BCB8B /* QuartzCore.framework in Frameworks */,
				882AC7911637F38000E8A221 /* UIKit.framework in Frameworks */,
				882AC7931637F38000E8A221 /* Foundation.framework in Frameworks */,
				882AC7951637F38000E8A221 /* CoreGraphics.framework in Frameworks */,
			);
			runOnlyForDeploymentPostprocessing = 0;
		};
/* End PBXFrameworksBuildPhase section */

/* Begin PBXGroup section */
		882AC7811637F38000E8A221 = {
			isa = PBXGroup;
			children = (
				885BA82C163986CB007BCB8B /* QuartzCore.framework */,
				889D574B166A94C100F7D5E5 /* A3ParallaxScrollView */,
				882AC7961637F38000E8A221 /* A3ParallaxScrollViewSample */,
				882AC78F1637F38000E8A221 /* Frameworks */,
				882AC78D1637F38000E8A221 /* Products */,
			);
			sourceTree = "<group>";
		};
		882AC78D1637F38000E8A221 /* Products */ = {
			isa = PBXGroup;
			children = (
				882AC78C1637F38000E8A221 /* A3ParallaxScrollViewSample.app */,
			);
			name = Products;
			sourceTree = "<group>";
		};
		882AC78F1637F38000E8A221 /* Frameworks */ = {
			isa = PBXGroup;
			children = (
				882AC7901637F38000E8A221 /* UIKit.framework */,
				882AC7921637F38000E8A221 /* Foundation.framework */,
				882AC7941637F38000E8A221 /* CoreGraphics.framework */,
			);
			name = Frameworks;
			sourceTree = "<group>";
		};
		882AC7961637F38000E8A221 /* A3ParallaxScrollViewSample */ = {
			isa = PBXGroup;
			children = (
				882AC79F1637F38000E8A221 /* A3AppDelegate.h */,
				882AC7A01637F38000E8A221 /* A3AppDelegate.m */,
				882AC7A81637F38000E8A221 /* A3ViewController.h */,
				882AC7A91637F38000E8A221 /* A3ViewController.m */,
				882AC7AB1637F38000E8A221 /* A3ViewController.xib */,
				882818C1185F4C0E0081D962 /* Images.xcassets */,
				882AC7971637F38000E8A221 /* Supporting Files */,
			);
			name = A3ParallaxScrollViewSample;
			path = A3ParalaxScrollViewSample;
			sourceTree = "<group>";
		};
		882AC7971637F38000E8A221 /* Supporting Files */ = {
			isa = PBXGroup;
			children = (
				885BA82A16398573007BCB8B /* UIImage+Color.h */,
				885BA82B16398573007BCB8B /* UIImage+Color.m */,
				882AC7981637F38000E8A221 /* A3ParallaxScrollViewSample-Info.plist */,
				882AC7991637F38000E8A221 /* InfoPlist.strings */,
				882AC79C1637F38000E8A221 /* main.m */,
				882AC79E1637F38000E8A221 /* A3ParallaxScrollViewSample-Prefix.pch */,
			);
			name = "Supporting Files";
			sourceTree = "<group>";
		};
		889D574B166A94C100F7D5E5 /* A3ParallaxScrollView */ = {
			isa = PBXGroup;
			children = (
				889D574C166A94C100F7D5E5 /* A3ParallaxScrollView.h */,
				889D574D166A94C100F7D5E5 /* A3ParallaxScrollView.m */,
			);
			name = A3ParallaxScrollView;
			path = ../A3ParallaxScrollView;
			sourceTree = "<group>";
		};
/* End PBXGroup section */

/* Begin PBXNativeTarget section */
		882AC78B1637F38000E8A221 /* A3ParallaxScrollViewSample */ = {
			isa = PBXNativeTarget;
			buildConfigurationList = 882AC7B01637F38000E8A221 /* Build configuration list for PBXNativeTarget "A3ParallaxScrollViewSample" */;
			buildPhases = (
				882AC7881637F38000E8A221 /* Sources */,
				882AC7891637F38000E8A221 /* Frameworks */,
				882AC78A1637F38000E8A221 /* Resources */,
			);
			buildRules = (
			);
			dependencies = (
			);
			name = A3ParallaxScrollViewSample;
			productName = A3ParalaxScrollViewSample;
			productReference = 882AC78C1637F38000E8A221 /* A3ParallaxScrollViewSample.app */;
			productType = "com.apple.product-type.application";
		};
/* End PBXNativeTarget section */

/* Begin PBXProject section */
		882AC7831637F38000E8A221 /* Project object */ = {
			isa = PBXProject;
			attributes = {
				CLASSPREFIX = A3;
				LastUpgradeCheck = 0450;
				ORGANIZATIONNAME = AllAboutApps;
				TargetAttributes = {
					882AC78B1637F38000E8A221 = {
						DevelopmentTeam = EBR4XBKU3F;
					};
				};
			};
			buildConfigurationList = 882AC7861637F38000E8A221 /* Build configuration list for PBXProject "A3ParallaxScrollViewSample" */;
			compatibilityVersion = "Xcode 3.2";
			developmentRegion = English;
			hasScannedForEncodings = 0;
			knownRegions = (
				en,
			);
			mainGroup = 882AC7811637F38000E8A221;
			productRefGroup = 882AC78D1637F38000E8A221 /* Products */;
			projectDirPath = "";
			projectRoot = "";
			targets = (
				882AC78B1637F38000E8A221 /* A3ParallaxScrollViewSample */,
			);
		};
/* End PBXProject section */

/* Begin PBXResourcesBuildPhase section */
		882AC78A1637F38000E8A221 /* Resources */ = {
			isa = PBXResourcesBuildPhase;
			buildActionMask = 2147483647;
			files = (
				882AC79B1637F38000E8A221 /* InfoPlist.strings in Resources */,
				882AC7AD1637F38000E8A221 /* A3ViewController.xib in Resources */,
				882818C2185F4C0E0081D962 /* Images.xcassets in Resources */,
			);
			runOnlyForDeploymentPostprocessing = 0;
		};
/* End PBXResourcesBuildPhase section */

/* Begin PBXSourcesBuildPhase section */
		882AC7881637F38000E8A221 /* Sources */ = {
			isa = PBXSourcesBuildPhase;
			buildActionMask = 2147483647;
			files = (
				885BA82E163987B2007BCB8B /* UIImage+Color.m in Sources */,
				882AC79D1637F38000E8A221 /* main.m in Sources */,
				882AC7A11637F38000E8A221 /* A3AppDelegate.m in Sources */,
				882AC7AA1637F38000E8A221 /* A3ViewController.m in Sources */,
				889D574E166A94C100F7D5E5 /* A3ParallaxScrollView.m in Sources */,
			);
			runOnlyForDeploymentPostprocessing = 0;
		};
/* End PBXSourcesBuildPhase section */

/* Begin PBXVariantGroup section */
		882AC7991637F38000E8A221 /* InfoPlist.strings */ = {
			isa = PBXVariantGroup;
			children = (
				882AC79A1637F38000E8A221 /* en */,
			);
			name = InfoPlist.strings;
			sourceTree = "<group>";
		};
		882AC7AB1637F38000E8A221 /* A3ViewController.xib */ = {
			isa = PBXVariantGroup;
			children = (
				882AC7AC1637F38000E8A221 /* en */,
			);
			name = A3ViewController.xib;
			sourceTree = "<group>";
		};
/* End PBXVariantGroup section */

/* Begin XCBuildConfiguration section */
		882AC7AE1637F38000E8A221 /* Debug */ = {
			isa = XCBuildConfiguration;
			buildSettings = {
				ALWAYS_SEARCH_USER_PATHS = NO;
				CLANG_CXX_LANGUAGE_STANDARD = "gnu++0x";
				CLANG_CXX_LIBRARY = "libc++";
				CLANG_WARN_EMPTY_BODY = YES;
				CLANG_WARN__DUPLICATE_METHOD_MATCH = YES;
				"CODE_SIGN_IDENTITY[sdk=iphoneos*]" = "iPhone Developer";
				COPY_PHASE_STRIP = NO;
				GCC_C_LANGUAGE_STANDARD = gnu99;
				GCC_DYNAMIC_NO_PIC = NO;
				GCC_OPTIMIZATION_LEVEL = 0;
				GCC_PREPROCESSOR_DEFINITIONS = (
					"DEBUG=1",
					"$(inherited)",
				);
				GCC_SYMBOLS_PRIVATE_EXTERN = NO;
				GCC_WARN_ABOUT_RETURN_TYPE = YES;
				GCC_WARN_UNINITIALIZED_AUTOS = YES;
				GCC_WARN_UNUSED_VARIABLE = YES;
				IPHONEOS_DEPLOYMENT_TARGET = 6.0;
				ONLY_ACTIVE_ARCH = YES;
				SDKROOT = iphoneos;
			};
			name = Debug;
		};
		882AC7AF1637F38000E8A221 /* Release */ = {
			isa = XCBuildConfiguration;
			buildSettings = {
				ALWAYS_SEARCH_USER_PATHS = NO;
				CLANG_CXX_LANGUAGE_STANDARD = "gnu++0x";
				CLANG_CXX_LIBRARY = "libc++";
				CLANG_WARN_EMPTY_BODY = YES;
				CLANG_WARN__DUPLICATE_METHOD_MATCH = YES;
				"CODE_SIGN_IDENTITY[sdk=iphoneos*]" = "iPhone Developer";
				COPY_PHASE_STRIP = YES;
				GCC_C_LANGUAGE_STANDARD = gnu99;
				GCC_WARN_ABOUT_RETURN_TYPE = YES;
				GCC_WARN_UNINITIALIZED_AUTOS = YES;
				GCC_WARN_UNUSED_VARIABLE = YES;
				IPHONEOS_DEPLOYMENT_TARGET = 6.0;
				OTHER_CFLAGS = "-DNS_BLOCK_ASSERTIONS=1";
				SDKROOT = iphoneos;
				VALIDATE_PRODUCT = YES;
			};
			name = Release;
		};
		882AC7B11637F38000E8A221 /* Debug */ = {
			isa = XCBuildConfiguration;
			buildSettings = {
				ASSETCATALOG_COMPILER_APPICON_NAME = AppIcon;
				ASSETCATALOG_COMPILER_LAUNCHIMAGE_NAME = LaunchImage;
				CLANG_ENABLE_OBJC_ARC = YES;
				CODE_SIGN_IDENTITY = "iPhone Developer";
				"CODE_SIGN_IDENTITY[sdk=iphoneos*]" = "iPhone Developer";
				GCC_PRECOMPILE_PREFIX_HEADER = YES;
				GCC_PREFIX_HEADER = "A3ParalaxScrollViewSample/A3ParallaxScrollViewSample-Prefix.pch";
				INFOPLIST_FILE = "A3ParalaxScrollViewSample/A3ParallaxScrollViewSample-Info.plist";
				IPHONEOS_DEPLOYMENT_TARGET = 5.1;
				PRODUCT_NAME = A3ParallaxScrollViewSample;
				PROVISIONING_PROFILE = "";
				TARGETED_DEVICE_FAMILY = "1,2";
				WRAPPER_EXTENSION = app;
			};
			name = Debug;
		};
		882AC7B21637F38000E8A221 /* Release */ = {
			isa = XCBuildConfiguration;
			buildSettings = {
				ASSETCATALOG_COMPILER_APPICON_NAME = AppIcon;
				ASSETCATALOG_COMPILER_LAUNCHIMAGE_NAME = LaunchImage;
				CLANG_ENABLE_OBJC_ARC = YES;
				CODE_SIGN_IDENTITY = "iPhone Developer";
				"CODE_SIGN_IDENTITY[sdk=iphoneos*]" = "iPhone Developer";
				GCC_PRECOMPILE_PREFIX_HEADER = YES;
				GCC_PREFIX_HEADER = "A3ParalaxScrollViewSample/A3ParallaxScrollViewSample-Prefix.pch";
				INFOPLIST_FILE = "A3ParalaxScrollViewSample/A3ParallaxScrollViewSample-Info.plist";
				IPHONEOS_DEPLOYMENT_TARGET = 5.1;
				PRODUCT_NAME = A3ParallaxScrollViewSample;
				PROVISIONING_PROFILE = "";
				TARGETED_DEVICE_FAMILY = "1,2";
				WRAPPER_EXTENSION = app;
			};
			name = Release;
		};
/* End XCBuildConfiguration section */

/* Begin XCConfigurationList section */
		882AC7861637F38000E8A221 /* Build configuration list for PBXProject "A3ParallaxScrollViewSample" */ = {
			isa = XCConfigurationList;
			buildConfigurations = (
				882AC7AE1637F38000E8A221 /* Debug */,
				882AC7AF1637F38000E8A221 /* Release */,
			);
			defaultConfigurationIsVisible = 0;
			defaultConfigurationName = Release;
		};
		882AC7B01637F38000E8A221 /* Build configuration list for PBXNativeTarget "A3ParallaxScrollViewSample" */ = {
			isa = XCConfigurationList;
			buildConfigurations = (
				882AC7B11637F38000E8A221 /* Debug */,
				882AC7B21637F38000E8A221 /* Release */,
			);
			defaultConfigurationIsVisible = 0;
			defaultConfigurationName = Release;
		};
/* End XCConfigurationList section */
	};
	rootObject = 882AC7831637F38000E8A221 /* Project object */;
}
